// !$*UTF8*$!
{
	archiveVersion = 1;
	classes = {
	};
	objectVersion = 50;
	objects = {

/* Begin PBXBuildFile section */
		F8181D122573B91F004022F2 /* House.swift in Sources */ = {isa = PBXBuildFile; fileRef = F8181D112573B91F004022F2 /* House.swift */; };
		F8181D142573DF2A004022F2 /* HouseStore.swift in Sources */ = {isa = PBXBuildFile; fileRef = F8181D132573DF2A004022F2 /* HouseStore.swift */; };
		F81CAA4D257E0C3100FBEB11 /* MapViewController.swift in Sources */ = {isa = PBXBuildFile; fileRef = F81CAA4C257E0C3100FBEB11 /* MapViewController.swift */; };
		F831B4D92582384B00D60A16 /* fr-CA.lproj in Resources */ = {isa = PBXBuildFile; fileRef = F831B4D82582384B00D60A16 /* fr-CA.lproj */; };
		F831B4DB25823F2600D60A16 /* LanguageUtils.swift in Sources */ = {isa = PBXBuildFile; fileRef = F831B4DA25823F2600D60A16 /* LanguageUtils.swift */; };
		F85925C4257FEAD700D2470D /* ImageViewExtension.swift in Sources */ = {isa = PBXBuildFile; fileRef = F85925C3257FEAD700D2470D /* ImageViewExtension.swift */; };
		F85ED633257781F60044E0D1 /* Filter.swift in Sources */ = {isa = PBXBuildFile; fileRef = F85ED632257781F60044E0D1 /* Filter.swift */; };
		F85ED6352577A9E70044E0D1 /* DetailPhotoCellView.swift in Sources */ = {isa = PBXBuildFile; fileRef = F85ED6342577A9E70044E0D1 /* DetailPhotoCellView.swift */; };
		F86BFCEB2573975700527AFD /* DashboardViewController.swift in Sources */ = {isa = PBXBuildFile; fileRef = F86BFCEA2573975700527AFD /* DashboardViewController.swift */; };
		F86BFCED2573979700527AFD /* RegisterViewController.swift in Sources */ = {isa = PBXBuildFile; fileRef = F86BFCEC2573979700527AFD /* RegisterViewController.swift */; };
		F86BFCEF2573AFDE00527AFD /* FilterViewController.swift in Sources */ = {isa = PBXBuildFile; fileRef = F86BFCEE2573AFDE00527AFD /* FilterViewController.swift */; };
		F86BFCF12573B01E00527AFD /* ListViewController.swift in Sources */ = {isa = PBXBuildFile; fileRef = F86BFCF02573B01E00527AFD /* ListViewController.swift */; };
		F86BFCF32573B05400527AFD /* DetailViewController.swift in Sources */ = {isa = PBXBuildFile; fileRef = F86BFCF22573B05400527AFD /* DetailViewController.swift */; };
		F8A3D3A02580FEA200FA7E4D /* ViewControllerExtension.swift in Sources */ = {isa = PBXBuildFile; fileRef = F8A3D39F2580FEA200FA7E4D /* ViewControllerExtension.swift */; };
		F8A548072581F8D3005C45C9 /* User.swift in Sources */ = {isa = PBXBuildFile; fileRef = F8A548062581F8D3005C45C9 /* User.swift */; };
		F8A548092581F9A0005C45C9 /* UserStore.swift in Sources */ = {isa = PBXBuildFile; fileRef = F8A548082581F9A0005C45C9 /* UserStore.swift */; };
		F8C6D8A02571837700F725B2 /* AppDelegate.swift in Sources */ = {isa = PBXBuildFile; fileRef = F8C6D89F2571837700F725B2 /* AppDelegate.swift */; };
		F8C6D8A22571837700F725B2 /* SceneDelegate.swift in Sources */ = {isa = PBXBuildFile; fileRef = F8C6D8A12571837700F725B2 /* SceneDelegate.swift */; };
		F8C6D8A72571837700F725B2 /* Main.storyboard in Resources */ = {isa = PBXBuildFile; fileRef = F8C6D8A52571837700F725B2 /* Main.storyboard */; };
		F8C6D8AA2571837700F725B2 /* Housing.xcdatamodeld in Sources */ = {isa = PBXBuildFile; fileRef = F8C6D8A82571837700F725B2 /* Housing.xcdatamodeld */; };
		F8C6D8AC2571837900F725B2 /* Assets.xcassets in Resources */ = {isa = PBXBuildFile; fileRef = F8C6D8AB2571837900F725B2 /* Assets.xcassets */; };
		F8C6D8AF2571837900F725B2 /* LaunchScreen.storyboard in Resources */ = {isa = PBXBuildFile; fileRef = F8C6D8AD2571837900F725B2 /* LaunchScreen.storyboard */; };
		F8EB4483257E4E5400511401 /* CityCellView.swift in Sources */ = {isa = PBXBuildFile; fileRef = F8EB4482257E4E5400511401 /* CityCellView.swift */; };
		FF9C56472580AE51001A92A0 /* FilterTableViewCell.swift in Sources */ = {isa = PBXBuildFile; fileRef = FF9C56462580AE51001A92A0 /* FilterTableViewCell.swift */; };
/* End PBXBuildFile section */

/* Begin PBXFileReference section */
		F80270A025821A260062A136 /* en */ = {isa = PBXFileReference; lastKnownFileType = text.plist.strings; name = en; path = en.lproj/Main.strings; sourceTree = "<group>"; };
		F8181D112573B91F004022F2 /* House.swift */ = {isa = PBXFileReference; lastKnownFileType = sourcecode.swift; path = House.swift; sourceTree = "<group>"; };
		F8181D132573DF2A004022F2 /* HouseStore.swift */ = {isa = PBXFileReference; lastKnownFileType = sourcecode.swift; path = HouseStore.swift; sourceTree = "<group>"; };
		F81CAA4C257E0C3100FBEB11 /* MapViewController.swift */ = {isa = PBXFileReference; lastKnownFileType = sourcecode.swift; path = MapViewController.swift; sourceTree = "<group>"; };
		F831B4D62582365300D60A16 /* fr-CA */ = {isa = PBXFileReference; lastKnownFileType = text.plist.strings; name = "fr-CA"; path = "fr-CA.lproj/Main.strings"; sourceTree = "<group>"; };
		F831B4D72582365300D60A16 /* fr-CA */ = {isa = PBXFileReference; lastKnownFileType = text.plist.strings; name = "fr-CA"; path = "fr-CA.lproj/LaunchScreen.strings"; sourceTree = "<group>"; };
		F831B4D82582384B00D60A16 /* fr-CA.lproj */ = {isa = PBXFileReference; lastKnownFileType = folder; path = "fr-CA.lproj"; sourceTree = "<group>"; };
		F831B4DA25823F2600D60A16 /* LanguageUtils.swift */ = {isa = PBXFileReference; lastKnownFileType = sourcecode.swift; path = LanguageUtils.swift; sourceTree = "<group>"; };
		F85925C3257FEAD700D2470D /* ImageViewExtension.swift */ = {isa = PBXFileReference; lastKnownFileType = sourcecode.swift; path = ImageViewExtension.swift; sourceTree = "<group>"; };
		F85ED632257781F60044E0D1 /* Filter.swift */ = {isa = PBXFileReference; lastKnownFileType = sourcecode.swift; path = Filter.swift; sourceTree = "<group>"; };
		F85ED6342577A9E70044E0D1 /* DetailPhotoCellView.swift */ = {isa = PBXFileReference; lastKnownFileType = sourcecode.swift; path = DetailPhotoCellView.swift; sourceTree = "<group>"; };
		F86BFCEA2573975700527AFD /* DashboardViewController.swift */ = {isa = PBXFileReference; lastKnownFileType = sourcecode.swift; path = DashboardViewController.swift; sourceTree = "<group>"; };
		F86BFCEC2573979700527AFD /* RegisterViewController.swift */ = {isa = PBXFileReference; lastKnownFileType = sourcecode.swift; path = RegisterViewController.swift; sourceTree = "<group>"; };
		F86BFCEE2573AFDE00527AFD /* FilterViewController.swift */ = {isa = PBXFileReference; lastKnownFileType = sourcecode.swift; path = FilterViewController.swift; sourceTree = "<group>"; };
		F86BFCF02573B01E00527AFD /* ListViewController.swift */ = {isa = PBXFileReference; lastKnownFileType = sourcecode.swift; path = ListViewController.swift; sourceTree = "<group>"; };
		F86BFCF22573B05400527AFD /* DetailViewController.swift */ = {isa = PBXFileReference; lastKnownFileType = sourcecode.swift; path = DetailViewController.swift; sourceTree = "<group>"; };
		F8A3D39F2580FEA200FA7E4D /* ViewControllerExtension.swift */ = {isa = PBXFileReference; lastKnownFileType = sourcecode.swift; path = ViewControllerExtension.swift; sourceTree = "<group>"; };
		F8A548062581F8D3005C45C9 /* User.swift */ = {isa = PBXFileReference; lastKnownFileType = sourcecode.swift; path = User.swift; sourceTree = "<group>"; };
		F8A548082581F9A0005C45C9 /* UserStore.swift */ = {isa = PBXFileReference; lastKnownFileType = sourcecode.swift; path = UserStore.swift; sourceTree = "<group>"; };
		F8C6D89C2571837700F725B2 /* Housing.app */ = {isa = PBXFileReference; explicitFileType = wrapper.application; includeInIndex = 0; path = Housing.app; sourceTree = BUILT_PRODUCTS_DIR; };
		F8C6D89F2571837700F725B2 /* AppDelegate.swift */ = {isa = PBXFileReference; lastKnownFileType = sourcecode.swift; path = AppDelegate.swift; sourceTree = "<group>"; };
		F8C6D8A12571837700F725B2 /* SceneDelegate.swift */ = {isa = PBXFileReference; lastKnownFileType = sourcecode.swift; path = SceneDelegate.swift; sourceTree = "<group>"; };
		F8C6D8A62571837700F725B2 /* Base */ = {isa = PBXFileReference; lastKnownFileType = file.storyboard; name = Base; path = Base.lproj/Main.storyboard; sourceTree = "<group>"; };
		F8C6D8A92571837700F725B2 /* Housing.xcdatamodel */ = {isa = PBXFileReference; lastKnownFileType = wrapper.xcdatamodel; path = Housing.xcdatamodel; sourceTree = "<group>"; };
		F8C6D8AB2571837900F725B2 /* Assets.xcassets */ = {isa = PBXFileReference; lastKnownFileType = folder.assetcatalog; path = Assets.xcassets; sourceTree = "<group>"; };
		F8C6D8AE2571837900F725B2 /* Base */ = {isa = PBXFileReference; lastKnownFileType = file.storyboard; name = Base; path = Base.lproj/LaunchScreen.storyboard; sourceTree = "<group>"; };
		F8C6D8B02571837900F725B2 /* Info.plist */ = {isa = PBXFileReference; lastKnownFileType = text.plist.xml; path = Info.plist; sourceTree = "<group>"; };
		F8EB4482257E4E5400511401 /* CityCellView.swift */ = {isa = PBXFileReference; lastKnownFileType = sourcecode.swift; path = CityCellView.swift; sourceTree = "<group>"; };
		FF9C56462580AE51001A92A0 /* FilterTableViewCell.swift */ = {isa = PBXFileReference; fileEncoding = 4; lastKnownFileType = sourcecode.swift; path = FilterTableViewCell.swift; sourceTree = "<group>"; };
/* End PBXFileReference section */

/* Begin PBXFrameworksBuildPhase section */
		F8C6D8992571837700F725B2 /* Frameworks */ = {
			isa = PBXFrameworksBuildPhase;
			buildActionMask = 2147483647;
			files = (
			);
			runOnlyForDeploymentPostprocessing = 0;
		};
/* End PBXFrameworksBuildPhase section */

/* Begin PBXGroup section */
		F8C6D8932571837700F725B2 = {
			isa = PBXGroup;
			children = (
				F8C6D89E2571837700F725B2 /* Housing */,
				F8C6D89D2571837700F725B2 /* Products */,
			);
			sourceTree = "<group>";
		};
		F8C6D89D2571837700F725B2 /* Products */ = {
			isa = PBXGroup;
			children = (
				F8C6D89C2571837700F725B2 /* Housing.app */,
			);
			name = Products;
			sourceTree = "<group>";
		};
		F8C6D89E2571837700F725B2 /* Housing */ = {
			isa = PBXGroup;
			children = (
				F831B4D82582384B00D60A16 /* fr-CA.lproj */,
				F8C6D89F2571837700F725B2 /* AppDelegate.swift */,
				F8C6D8A12571837700F725B2 /* SceneDelegate.swift */,
				F8C6D8A52571837700F725B2 /* Main.storyboard */,
				F8C6D8AB2571837900F725B2 /* Assets.xcassets */,
				F8C6D8AD2571837900F725B2 /* LaunchScreen.storyboard */,
				F8C6D8B02571837900F725B2 /* Info.plist */,
				F8C6D8A82571837700F725B2 /* Housing.xcdatamodeld */,
				F86BFCEA2573975700527AFD /* DashboardViewController.swift */,
				F86BFCEC2573979700527AFD /* RegisterViewController.swift */,
				F86BFCEE2573AFDE00527AFD /* FilterViewController.swift */,
				F86BFCF02573B01E00527AFD /* ListViewController.swift */,
				F86BFCF22573B05400527AFD /* DetailViewController.swift */,
				F8181D112573B91F004022F2 /* House.swift */,
				F8181D132573DF2A004022F2 /* HouseStore.swift */,
				F85ED632257781F60044E0D1 /* Filter.swift */,
				F85ED6342577A9E70044E0D1 /* DetailPhotoCellView.swift */,
				F81CAA4C257E0C3100FBEB11 /* MapViewController.swift */,
				F8EB4482257E4E5400511401 /* CityCellView.swift */,
				F85925C3257FEAD700D2470D /* ImageViewExtension.swift */,
				FF9C56462580AE51001A92A0 /* FilterTableViewCell.swift */,
				F8A3D39F2580FEA200FA7E4D /* ViewControllerExtension.swift */,
				F8A548062581F8D3005C45C9 /* User.swift */,
				F8A548082581F9A0005C45C9 /* UserStore.swift */,
				F831B4DA25823F2600D60A16 /* LanguageUtils.swift */,
			);
			path = Housing;
			sourceTree = "<group>";
		};
/* End PBXGroup section */

/* Begin PBXNativeTarget section */
		F8C6D89B2571837700F725B2 /* Housing */ = {
			isa = PBXNativeTarget;
			buildConfigurationList = F8C6D8B32571837900F725B2 /* Build configuration list for PBXNativeTarget "Housing" */;
			buildPhases = (
				F8C6D8982571837700F725B2 /* Sources */,
				F8C6D8992571837700F725B2 /* Frameworks */,
				F8C6D89A2571837700F725B2 /* Resources */,
			);
			buildRules = (
			);
			dependencies = (
			);
			name = Housing;
			productName = Housing;
			productReference = F8C6D89C2571837700F725B2 /* Housing.app */;
			productType = "com.apple.product-type.application";
		};
/* End PBXNativeTarget section */

/* Begin PBXProject section */
		F8C6D8942571837700F725B2 /* Project object */ = {
			isa = PBXProject;
			attributes = {
				LastSwiftUpdateCheck = 1170;
				LastUpgradeCheck = 1170;
				ORGANIZATIONNAME = Conestoga;
				TargetAttributes = {
					F8C6D89B2571837700F725B2 = {
						CreatedOnToolsVersion = 11.7;
					};
				};
			};
			buildConfigurationList = F8C6D8972571837700F725B2 /* Build configuration list for PBXProject "Housing" */;
			compatibilityVersion = "Xcode 9.3";
			developmentRegion = en;
			hasScannedForEncodings = 0;
			knownRegions = (
				en,
				Base,
				"fr-CA",
			);
			mainGroup = F8C6D8932571837700F725B2;
			productRefGroup = F8C6D89D2571837700F725B2 /* Products */;
			projectDirPath = "";
			projectRoot = "";
			targets = (
				F8C6D89B2571837700F725B2 /* Housing */,
			);
		};
/* End PBXProject section */

/* Begin PBXResourcesBuildPhase section */
		F8C6D89A2571837700F725B2 /* Resources */ = {
			isa = PBXResourcesBuildPhase;
			buildActionMask = 2147483647;
			files = (
				F8C6D8AF2571837900F725B2 /* LaunchScreen.storyboard in Resources */,
				F831B4D92582384B00D60A16 /* fr-CA.lproj in Resources */,
				F8C6D8AC2571837900F725B2 /* Assets.xcassets in Resources */,
				F8C6D8A72571837700F725B2 /* Main.storyboard in Resources */,
			);
			runOnlyForDeploymentPostprocessing = 0;
		};
/* End PBXResourcesBuildPhase section */

/* Begin PBXSourcesBuildPhase section */
		F8C6D8982571837700F725B2 /* Sources */ = {
			isa = PBXSourcesBuildPhase;
			buildActionMask = 2147483647;
			files = (
				F86BFCEF2573AFDE00527AFD /* FilterViewController.swift in Sources */,
				F8A548092581F9A0005C45C9 /* UserStore.swift in Sources */,
				F8C6D8AA2571837700F725B2 /* Housing.xcdatamodeld in Sources */,
				F8EB4483257E4E5400511401 /* CityCellView.swift in Sources */,
				F85ED633257781F60044E0D1 /* Filter.swift in Sources */,
				F86BFCED2573979700527AFD /* RegisterViewController.swift in Sources */,
				F85ED6352577A9E70044E0D1 /* DetailPhotoCellView.swift in Sources */,
				F8C6D8A02571837700F725B2 /* AppDelegate.swift in Sources */,
				F85925C4257FEAD700D2470D /* ImageViewExtension.swift in Sources */,
				F81CAA4D257E0C3100FBEB11 /* MapViewController.swift in Sources */,
				F8181D122573B91F004022F2 /* House.swift in Sources */,
				F8C6D8A22571837700F725B2 /* SceneDelegate.swift in Sources */,
				F86BFCEB2573975700527AFD /* DashboardViewController.swift in Sources */,
				F86BFCF12573B01E00527AFD /* ListViewController.swift in Sources */,
				FF9C56472580AE51001A92A0 /* FilterTableViewCell.swift in Sources */,
				F831B4DB25823F2600D60A16 /* LanguageUtils.swift in Sources */,
				F8A548072581F8D3005C45C9 /* User.swift in Sources */,
				F8A3D3A02580FEA200FA7E4D /* ViewControllerExtension.swift in Sources */,
				F8181D142573DF2A004022F2 /* HouseStore.swift in Sources */,
				F86BFCF32573B05400527AFD /* DetailViewController.swift in Sources */,
			);
			runOnlyForDeploymentPostprocessing = 0;
		};
/* End PBXSourcesBuildPhase section */

/* Begin PBXVariantGroup section */
		F8C6D8A52571837700F725B2 /* Main.storyboard */ = {
			isa = PBXVariantGroup;
			children = (
				F8C6D8A62571837700F725B2 /* Base */,
				F80270A025821A260062A136 /* en */,
				F831B4D62582365300D60A16 /* fr-CA */,
			);
			name = Main.storyboard;
			sourceTree = "<group>";
		};
		F8C6D8AD2571837900F725B2 /* LaunchScreen.storyboard */ = {
			isa = PBXVariantGroup;
			children = (
				F8C6D8AE2571837900F725B2 /* Base */,
				F831B4D72582365300D60A16 /* fr-CA */,
			);
			name = LaunchScreen.storyboard;
			sourceTree = "<group>";
		};
/* End PBXVariantGroup section */

/* Begin XCBuildConfiguration section */
		F8C6D8B12571837900F725B2 /* Debug */ = {
			isa = XCBuildConfiguration;
			buildSettings = {
				ALWAYS_SEARCH_USER_PATHS = NO;
				CLANG_ANALYZER_LOCALIZABILITY_NONLOCALIZED = YES;
				CLANG_ANALYZER_NONNULL = YES;
				CLANG_ANALYZER_NUMBER_OBJECT_CONVERSION = YES_AGGRESSIVE;
				CLANG_CXX_LANGUAGE_STANDARD = "gnu++14";
				CLANG_CXX_LIBRARY = "libc++";
				CLANG_ENABLE_MODULES = YES;
				CLANG_ENABLE_OBJC_ARC = YES;
				CLANG_ENABLE_OBJC_WEAK = YES;
				CLANG_WARN_BLOCK_CAPTURE_AUTORELEASING = YES;
				CLANG_WARN_BOOL_CONVERSION = YES;
				CLANG_WARN_COMMA = YES;
				CLANG_WARN_CONSTANT_CONVERSION = YES;
				CLANG_WARN_DEPRECATED_OBJC_IMPLEMENTATIONS = YES;
				CLANG_WARN_DIRECT_OBJC_ISA_USAGE = YES_ERROR;
				CLANG_WARN_DOCUMENTATION_COMMENTS = YES;
				CLANG_WARN_EMPTY_BODY = YES;
				CLANG_WARN_ENUM_CONVERSION = YES;
				CLANG_WARN_INFINITE_RECURSION = YES;
				CLANG_WARN_INT_CONVERSION = YES;
				CLANG_WARN_NON_LITERAL_NULL_CONVERSION = YES;
				CLANG_WARN_OBJC_IMPLICIT_RETAIN_SELF = YES;
				CLANG_WARN_OBJC_LITERAL_CONVERSION = YES;
				CLANG_WARN_OBJC_ROOT_CLASS = YES_ERROR;
				CLANG_WARN_RANGE_LOOP_ANALYSIS = YES;
				CLANG_WARN_STRICT_PROTOTYPES = YES;
				CLANG_WARN_SUSPICIOUS_MOVE = YES;
				CLANG_WARN_UNGUARDED_AVAILABILITY = YES_AGGRESSIVE;
				CLANG_WARN_UNREACHABLE_CODE = YES;
				CLANG_WARN__DUPLICATE_METHOD_MATCH = YES;
				COPY_PHASE_STRIP = NO;
				DEBUG_INFORMATION_FORMAT = dwarf;
				ENABLE_STRICT_OBJC_MSGSEND = YES;
				ENABLE_TESTABILITY = YES;
				GCC_C_LANGUAGE_STANDARD = gnu11;
				GCC_DYNAMIC_NO_PIC = NO;
				GCC_NO_COMMON_BLOCKS = YES;
				GCC_OPTIMIZATION_LEVEL = 0;
				GCC_PREPROCESSOR_DEFINITIONS = (
					"DEBUG=1",
					"$(inherited)",
				);
				GCC_WARN_64_TO_32_BIT_CONVERSION = YES;
				GCC_WARN_ABOUT_RETURN_TYPE = YES_ERROR;
				GCC_WARN_UNDECLARED_SELECTOR = YES;
				GCC_WARN_UNINITIALIZED_AUTOS = YES_AGGRESSIVE;
				GCC_WARN_UNUSED_FUNCTION = YES;
				GCC_WARN_UNUSED_VARIABLE = YES;
				IPHONEOS_DEPLOYMENT_TARGET = 13.7;
				MTL_ENABLE_DEBUG_INFO = INCLUDE_SOURCE;
				MTL_FAST_MATH = YES;
				ONLY_ACTIVE_ARCH = YES;
				SDKROOT = iphoneos;
				SWIFT_ACTIVE_COMPILATION_CONDITIONS = DEBUG;
				SWIFT_OPTIMIZATION_LEVEL = "-Onone";
			};
			name = Debug;
		};
		F8C6D8B22571837900F725B2 /* Release */ = {
			isa = XCBuildConfiguration;
			buildSettings = {
				ALWAYS_SEARCH_USER_PATHS = NO;
				CLANG_ANALYZER_LOCALIZABILITY_NONLOCALIZED = YES;
				CLANG_ANALYZER_NONNULL = YES;
				CLANG_ANALYZER_NUMBER_OBJECT_CONVERSION = YES_AGGRESSIVE;
				CLANG_CXX_LANGUAGE_STANDARD = "gnu++14";
				CLANG_CXX_LIBRARY = "libc++";
				CLANG_ENABLE_MODULES = YES;
				CLANG_ENABLE_OBJC_ARC = YES;
				CLANG_ENABLE_OBJC_WEAK = YES;
				CLANG_WARN_BLOCK_CAPTURE_AUTORELEASING = YES;
				CLANG_WARN_BOOL_CONVERSION = YES;
				CLANG_WARN_COMMA = YES;
				CLANG_WARN_CONSTANT_CONVERSION = YES;
				CLANG_WARN_DEPRECATED_OBJC_IMPLEMENTATIONS = YES;
				CLANG_WARN_DIRECT_OBJC_ISA_USAGE = YES_ERROR;
				CLANG_WARN_DOCUMENTATION_COMMENTS = YES;
				CLANG_WARN_EMPTY_BODY = YES;
				CLANG_WARN_ENUM_CONVERSION = YES;
				CLANG_WARN_INFINITE_RECURSION = YES;
				CLANG_WARN_INT_CONVERSION = YES;
				CLANG_WARN_NON_LITERAL_NULL_CONVERSION = YES;
				CLANG_WARN_OBJC_IMPLICIT_RETAIN_SELF = YES;
				CLANG_WARN_OBJC_LITERAL_CONVERSION = YES;
				CLANG_WARN_OBJC_ROOT_CLASS = YES_ERROR;
				CLANG_WARN_RANGE_LOOP_ANALYSIS = YES;
				CLANG_WARN_STRICT_PROTOTYPES = YES;
				CLANG_WARN_SUSPICIOUS_MOVE = YES;
				CLANG_WARN_UNGUARDED_AVAILABILITY = YES_AGGRESSIVE;
				CLANG_WARN_UNREACHABLE_CODE = YES;
				CLANG_WARN__DUPLICATE_METHOD_MATCH = YES;
				COPY_PHASE_STRIP = NO;
				DEBUG_INFORMATION_FORMAT = "dwarf-with-dsym";
				ENABLE_NS_ASSERTIONS = NO;
				ENABLE_STRICT_OBJC_MSGSEND = YES;
				GCC_C_LANGUAGE_STANDARD = gnu11;
				GCC_NO_COMMON_BLOCKS = YES;
				GCC_WARN_64_TO_32_BIT_CONVERSION = YES;
				GCC_WARN_ABOUT_RETURN_TYPE = YES_ERROR;
				GCC_WARN_UNDECLARED_SELECTOR = YES;
				GCC_WARN_UNINITIALIZED_AUTOS = YES_AGGRESSIVE;
				GCC_WARN_UNUSED_FUNCTION = YES;
				GCC_WARN_UNUSED_VARIABLE = YES;
				IPHONEOS_DEPLOYMENT_TARGET = 13.7;
				MTL_ENABLE_DEBUG_INFO = NO;
				MTL_FAST_MATH = YES;
				SDKROOT = iphoneos;
				SWIFT_COMPILATION_MODE = wholemodule;
				SWIFT_OPTIMIZATION_LEVEL = "-O";
				VALIDATE_PRODUCT = YES;
			};
			name = Release;
		};
		F8C6D8B42571837900F725B2 /* Debug */ = {
			isa = XCBuildConfiguration;
			buildSettings = {
				ASSETCATALOG_COMPILER_APPICON_NAME = AppIcon;
				CODE_SIGN_STYLE = Automatic;
				INFOPLIST_FILE = Housing/Info.plist;
				LD_RUNPATH_SEARCH_PATHS = (
					"$(inherited)",
					"@executable_path/Frameworks",
				);
				PRODUCT_BUNDLE_IDENTIFIER = Conestoga.ios.Housing;
				PRODUCT_NAME = "$(TARGET_NAME)";
				SWIFT_VERSION = 5.0;
				TARGETED_DEVICE_FAMILY = "1,2";
			};
			name = Debug;
		};
		F8C6D8B52571837900F725B2 /* Release */ = {
			isa = XCBuildConfiguration;
			buildSettings = {
				ASSETCATALOG_COMPILER_APPICON_NAME = AppIcon;
				CODE_SIGN_STYLE = Automatic;
				INFOPLIST_FILE = Housing/Info.plist;
				LD_RUNPATH_SEARCH_PATHS = (
					"$(inherited)",
					"@executable_path/Frameworks",
				);
				PRODUCT_BUNDLE_IDENTIFIER = Conestoga.ios.Housing;
				PRODUCT_NAME = "$(TARGET_NAME)";
				SWIFT_VERSION = 5.0;
				TARGETED_DEVICE_FAMILY = "1,2";
			};
			name = Release;
		};
/* End XCBuildConfiguration section */

/* Begin XCConfigurationList section */
		F8C6D8972571837700F725B2 /* Build configuration list for PBXProject "Housing" */ = {
			isa = XCConfigurationList;
			buildConfigurations = (
				F8C6D8B12571837900F725B2 /* Debug */,
				F8C6D8B22571837900F725B2 /* Release */,
			);
			defaultConfigurationIsVisible = 0;
			defaultConfigurationName = Release;
		};
		F8C6D8B32571837900F725B2 /* Build configuration list for PBXNativeTarget "Housing" */ = {
			isa = XCConfigurationList;
			buildConfigurations = (
				F8C6D8B42571837900F725B2 /* Debug */,
				F8C6D8B52571837900F725B2 /* Release */,
			);
			defaultConfigurationIsVisible = 0;
			defaultConfigurationName = Release;
		};
/* End XCConfigurationList section */

/* Begin XCVersionGroup section */
		F8C6D8A82571837700F725B2 /* Housing.xcdatamodeld */ = {
			isa = XCVersionGroup;
			children = (
				F8C6D8A92571837700F725B2 /* Housing.xcdatamodel */,
			);
			currentVersion = F8C6D8A92571837700F725B2 /* Housing.xcdatamodel */;
			path = Housing.xcdatamodeld;
			sourceTree = "<group>";
			versionGroupType = wrapper.xcdatamodel;
		};
/* End XCVersionGroup section */
	};
	rootObject = F8C6D8942571837700F725B2 /* Project object */;
}
